
Microsoft Visual Studio Solution File, Format Version 12.00
# Visual Studio Version 16
VisualStudioVersion = 16.0.31321.278
MinimumVisualStudioVersion = 10.0.40219.1
Project("{9A19103F-16F7-4668-BE54-9A1E7A4F7556}") = "LMS.Server", "LMS\Server\LMS.Server.csproj", "{7FF249C3-164F-49E1-B947-4AADD55603B3}"
EndProject
Project("{9A19103F-16F7-4668-BE54-9A1E7A4F7556}") = "LMS.Client", "LMS\Client\LMS.Client.csproj", "{F9C0F051-CDCD-4C90-B6EC-29136BC99CE8}"
EndProject
Project("{9A19103F-16F7-4668-BE54-9A1E7A4F7556}") = "LMS.Shared", "LMS\Shared\LMS.Shared.csproj", "{DF3C2D24-F865-4059-AC66-5B0BFC380350}"
EndProject
Global
	GlobalSection(SolutionConfigurationPlatforms) = preSolution
		Debug|Any CPU = Debug|Any CPU
		Release|Any CPU = Release|Any CPU
	EndGlobalSection
	GlobalSection(ProjectConfigurationPlatforms) = postSolution
		{7FF249C3-164F-49E1-B947-4AADD55603B3}.Debug|Any CPU.ActiveCfg = Debug|Any CPU
		{7FF249C3-164F-49E1-B947-4AADD55603B3}.Debug|Any CPU.Build.0 = Debug|Any CPU
		{7FF249C3-164F-49E1-B947-4AADD55603B3}.Release|Any CPU.ActiveCfg = Release|Any CPU
		{7FF249C3-164F-49E1-B947-4AADD55603B3}.Release|Any CPU.Build.0 = Release|Any CPU
		{F9C0F051-CDCD-4C90-B6EC-29136BC99CE8}.Debug|Any CPU.ActiveCfg = Debug|Any CPU
		{F9C0F051-CDCD-4C90-B6EC-29136BC99CE8}.Debug|Any CPU.Build.0 = Debug|Any CPU
		{F9C0F051-CDCD-4C90-B6EC-29136BC99CE8}.Release|Any CPU.ActiveCfg = Release|Any CPU
		{F9C0F051-CDCD-4C90-B6EC-29136BC99CE8}.Release|Any CPU.Build.0 = Release|Any CPU
		{DF3C2D24-F865-4059-AC66-5B0BFC380350}.Debug|Any CPU.ActiveCfg = Debug|Any CPU
		{DF3C2D24-F865-4059-AC66-5B0BFC380350}.Debug|Any CPU.Build.0 = Debug|Any CPU
		{DF3C2D24-F865-4059-AC66-5B0BFC380350}.Release|Any CPU.ActiveCfg = Release|Any CPU
		{DF3C2D24-F865-4059-AC66-5B0BFC380350}.Release|Any CPU.Build.0 = Release|Any CPU
	EndGlobalSection
	GlobalSection(SolutionProperties) = preSolution
		HideSolutionNode = FALSE
	EndGlobalSection
	GlobalSection(ExtensibilityGlobals) = postSolution
		SolutionGuid = {7516E4D7-ABB5-4318-9B11-9CA9E722FE3B}
	EndGlobalSection
EndGlobal
